
Microsoft Visual Studio Solution File, Format Version 12.00
# Visual Studio Version 16
VisualStudioVersion = 16.0.30104.148
MinimumVisualStudioVersion = 10.0.40219.1
Project("{FAE04EC0-301F-11D3-BF4B-00C04F79EFBC}") = "My Contacts", "My Contacts\My Contacts.csproj", "{D0DC154C-7210-4F83-82EA-9DAB864D5AEB}"
EndProject
Global
	GlobalSection(SolutionConfigurationPlatforms) = preSolution
		Debug|Any CPU = Debug|Any CPU
		Release|Any CPU = Release|Any CPU
	EndGlobalSection
	GlobalSection(ProjectConfigurationPlatforms) = postSolution
		{D0DC154C-7210-4F83-82EA-9DAB864D5AEB}.Debug|Any CPU.ActiveCfg = Debug|Any CPU
		{D0DC154C-7210-4F83-82EA-9DAB864D5AEB}.Debug|Any CPU.Build.0 = Debug|Any CPU
		{D0DC154C-7210-4F83-82EA-9DAB864D5AEB}.Release|Any CPU.ActiveCfg = Release|Any CPU
		{D0DC154C-7210-4F83-82EA-9DAB864D5AEB}.Release|Any CPU.Build.0 = Release|Any CPU
	EndGlobalSection
	GlobalSection(SolutionProperties) = preSolution
		HideSolutionNode = FALSE
	EndGlobalSection
	GlobalSection(ExtensibilityGlobals) = postSolution
		SolutionGuid = {ECDDB2ED-0340-4F9C-A45C-D332F8EE41CA}
	EndGlobalSection
EndGlobal
